
Microsoft Visual Studio Solution File, Format Version 12.00
# Visual Studio Version 16
VisualStudioVersion = 25.0.1706.11
MinimumVisualStudioVersion = 10.0.40219.1
Project("{FAE04EC0-301F-11D3-BF4B-00C04F79EFBC}") = "RhinoRaven", "RhinoRaven\RhinoRaven.csproj", "{0A5F1FEC-DFFE-4EAF-943B-6BF4E493244F}"
EndProject
Global
	GlobalSection(SolutionConfigurationPlatforms) = preSolution
		Debug|Any CPU = Debug|Any CPU
		Release|Any CPU = Release|Any CPU
	EndGlobalSection
	GlobalSection(ProjectConfigurationPlatforms) = postSolution
		{0A5F1FEC-DFFE-4EAF-943B-6BF4E493244F}.Debug|Any CPU.ActiveCfg = Debug|Any CPU
		{0A5F1FEC-DFFE-4EAF-943B-6BF4E493244F}.Debug|Any CPU.Build.0 = Debug|Any CPU
		{0A5F1FEC-DFFE-4EAF-943B-6BF4E493244F}.Release|Any CPU.ActiveCfg = Release|Any CPU
		{0A5F1FEC-DFFE-4EAF-943B-6BF4E493244F}.Release|Any CPU.Build.0 = Release|Any CPU
	EndGlobalSection
	GlobalSection(SolutionProperties) = preSolution
		HideSolutionNode = FALSE
	EndGlobalSection
	GlobalSection(ExtensibilityGlobals) = postSolution
		SolutionGuid = {55CC8198-18A9-4E5A-AEA4-22C1B4C0722B}
	EndGlobalSection
EndGlobal
